
Microsoft Visual Studio Solution File, Format Version 12.00
# Visual Studio Version 16
VisualStudioVersion = 16.0.31025.194
MinimumVisualStudioVersion = 10.0.40219.1
Project("{888888A0-9F3D-457C-B088-3A5042F75D52}") = "SPD - Laboratorium 6 (Metaheuristics algorithms)", "SPD - Laboratorium 6 (Metaheuristics algorithms)\SPD - Laboratorium 6 (Metaheuristics algorithms).pyproj", "{1CB288AD-297D-477A-88A9-35FD763DB9F6}"
EndProject
Global
	GlobalSection(SolutionConfigurationPlatforms) = preSolution
		Debug|Any CPU = Debug|Any CPU
		Release|Any CPU = Release|Any CPU
	EndGlobalSection
	GlobalSection(ProjectConfigurationPlatforms) = postSolution
		{1CB288AD-297D-477A-88A9-35FD763DB9F6}.Debug|Any CPU.ActiveCfg = Debug|Any CPU
		{1CB288AD-297D-477A-88A9-35FD763DB9F6}.Release|Any CPU.ActiveCfg = Release|Any CPU
	EndGlobalSection
	GlobalSection(SolutionProperties) = preSolution
		HideSolutionNode = FALSE
	EndGlobalSection
	GlobalSection(ExtensibilityGlobals) = postSolution
		SolutionGuid = {09BB19C9-09E0-4BD9-8196-728B37E10D62}
	EndGlobalSection
EndGlobal
